lockfileVersion: '9.0'

settings:
  autoInstallPeers: true
  excludeLinksFromLockfile: false

importers:

  .:
    dependencies:
      srcset:
        specifier: ^5.0.3
        version: 5.0.3
    devDependencies:
      typescript:
        specifier: ^5.9.3
        version: 5.9.3

packages:

  srcset@5.0.3:
    resolution: {integrity: sha512-AZswtOXIsu0LeHdo6YY7d0r2pCH2Rl1D8ae1utvXUX4GxG3RggsVUAOFX1r8RI4YHFMYb4g89+UBPBv3mNUU2g==}
    engines: {node: ^12.20.0 || ^14.13.1 || >=16.0.0}

  typescript@5.9.3:
    resolution: {integrity: sha512-jl1vZzPDinLr9eUt3J/t7V6FgNEw9QjvBPdysz9KfQDD41fQrC2Y4vKQdiaUpFT4bXlb1RHhLpp8wtm6M5TgSw==}
    engines: {node: '>=14.17'}
    hasBin: true

snapshots:

  srcset@5.0.3: {}

  typescript@5.9.3: {}
